
Microsoft Visual Studio Solution File, Format Version 12.00
# Visual Studio 15
VisualStudioVersion = 15.0.27130.2020
MinimumVisualStudioVersion = 10.0.40219.1
Project("{FAE04EC0-301F-11D3-BF4B-00C04F79EFBC}") = "ConsoleApp1", "ConsoleApp1\ConsoleApp1.csproj", "{C096B616-7302-43C3-8266-17B832DC99FF}"
EndProject
Global
	GlobalSection(SolutionConfigurationPlatforms) = preSolution
		Debug|Any CPU = Debug|Any CPU
		Release|Any CPU = Release|Any CPU
	EndGlobalSection
	GlobalSection(ProjectConfigurationPlatforms) = postSolution
		{C096B616-7302-43C3-8266-17B832DC99FF}.Debug|Any CPU.ActiveCfg = Debug|Any CPU
		{C096B616-7302-43C3-8266-17B832DC99FF}.Debug|Any CPU.Build.0 = Debug|Any CPU
		{C096B616-7302-43C3-8266-17B832DC99FF}.Release|Any CPU.ActiveCfg = Release|Any CPU
		{C096B616-7302-43C3-8266-17B832DC99FF}.Release|Any CPU.Build.0 = Release|Any CPU
	EndGlobalSection
	GlobalSection(SolutionProperties) = preSolution
		HideSolutionNode = FALSE
	EndGlobalSection
	GlobalSection(ExtensibilityGlobals) = postSolution
		SolutionGuid = {F7689F9F-A243-4097-AF8A-2446E00751B1}
	EndGlobalSection
EndGlobal
